{
  "name": "calligraphy",
  "version": "1.0.0",
  "lockfileVersion": 3,
  "requires": true,
  "packages": {
    "": {
      "name": "calligraphy",
      "version": "1.0.0",
      "license": "ISC",
      "dependencies": {
        "@fontsource/liu-jian-mao-cao": "^5.3.0",
        "@fontsource/long-cang": "^5.3.0",
        "@fontsource/ma-shan-zheng": "^5.3.0",
        "@fontsource/zcool-xiaowei": "^5.3.0",
        "@fontsource/zhi-mang-xing": "^5.3.0"
      }
    },
    "node_modules/@fontsource/liu-jian-mao-cao": {
      "version": "5.3.0",
      "resolved": "https://registry.npmjs.org/@fontsource/liu-jian-mao-cao/-/liu-jian-mao-cao-5.3.0.tgz",
      "integrity": "sha512-OaFm4okm77XoGA9jp1J89tDjdWlzb68yJCUL7LV75QxUWF/qOBRVqmhP7XFFsgcn/PL+nc2dPvRGT/8yit5LZg==",
      "license": "OFL-1.1",
      "funding": {
        "url": "https://github.com/sponsors/ayuhito"
      }
    },
    "node_modules/@fontsource/long-cang": {
      "version": "5.3.0",
      "resolved": "https://registry.npmjs.org/@fontsource/long-cang/-/long-cang-5.3.0.tgz",
      "integrity": "sha512-lCcBJb+LWZpYCVtGvQRiZPy5/EaGPuYLycpJXUIOz28EYGGqhTVWBRqY6ucaW8l1F8gvfjutY1PoAPUrFiP0wg==",
      "license": "OFL-1.1",
      "funding": {
        "url": "https://github.com/sponsors/ayuhito"
      }
    },
    "node_modules/@fontsource/ma-shan-zheng": {
      "version": "5.3.0",
      "resolved": "https://registry.npmjs.org/@fontsource/ma-shan-zheng/-/ma-shan-zheng-5.3.0.tgz",
      "integrity": "sha512-3p0aUEYOFBa4mvHIRDksZZ9Uf35jQdq5mpwp6NZHiNYt/jDj/g83OwTAWjzy+9ZJAxYC9NLLobIKuW1BEcnv0Q==",
      "license": "OFL-1.1",
      "funding": {
        "url": "https://github.com/sponsors/ayuhito"
      }
    },
    "node_modules/@fontsource/zcool-xiaowei": {
      "version": "5.3.0",
      "resolved": "https://registry.npmjs.org/@fontsource/zcool-xiaowei/-/zcool-xiaowei-5.3.0.tgz",
      "integrity": "sha512-iRuUPl9ONFbYzi6JcEshpE4VedINyzQ4hv0Z5XEt0cB0pMPiQeqc2Qvv1NwJCNzkPwG02VCdcO+cF2K8ylYn2A==",
      "license": "OFL-1.1",
      "funding": {
        "url": "https://github.com/sponsors/ayuhito"
      }
    },
    "node_modules/@fontsource/zhi-mang-xing": {
      "version": "5.3.0",
      "resolved": "https://registry.npmjs.org/@fontsource/zhi-mang-xing/-/zhi-mang-xing-5.3.0.tgz",
      "integrity": "sha512-V21yCCm5o2PHdXF2P9KKh7uiqL8QFFuII4DRQkpG24tfyDzJPchXKsxkcvKM43xEPvQKdbhHCBbXEFjcm/TUCQ==",
      "license": "OFL-1.1",
      "funding": {
        "url": "https://github.com/sponsors/ayuhito"
      }
    }
  }
}
